
Microsoft Visual Studio Solution File, Format Version 12.00
# Visual Studio Version 17
VisualStudioVersion = 17.4.33213.308
MinimumVisualStudioVersion = 10.0.40219.1
Project("{FAE04EC0-301F-11D3-BF4B-00C04F79EFBC}") = "Suhkoff", "Suhkoff\Suhkoff.csproj", "{C2EE57B5-B30E-4EF0-A1DA-75D7B7BA792A}"
EndProject
Global
	GlobalSection(SolutionConfigurationPlatforms) = preSolution
		Debug|Any CPU = Debug|Any CPU
		Release|Any CPU = Release|Any CPU
	EndGlobalSection
	GlobalSection(ProjectConfigurationPlatforms) = postSolution
		{C2EE57B5-B30E-4EF0-A1DA-75D7B7BA792A}.Debug|Any CPU.ActiveCfg = Debug|Any CPU
		{C2EE57B5-B30E-4EF0-A1DA-75D7B7BA792A}.Debug|Any CPU.Build.0 = Debug|Any CPU
		{C2EE57B5-B30E-4EF0-A1DA-75D7B7BA792A}.Release|Any CPU.ActiveCfg = Release|Any CPU
		{C2EE57B5-B30E-4EF0-A1DA-75D7B7BA792A}.Release|Any CPU.Build.0 = Release|Any CPU
	EndGlobalSection
	GlobalSection(SolutionProperties) = preSolution
		HideSolutionNode = FALSE
	EndGlobalSection
	GlobalSection(ExtensibilityGlobals) = postSolution
		SolutionGuid = {D9558ED8-6CE8-44FC-BF4C-2DB962B668E8}
	EndGlobalSection
EndGlobal
